
Microsoft Visual Studio Solution File, Format Version 12.00
# Visual Studio Version 16
VisualStudioVersion = 16.0.29123.88
MinimumVisualStudioVersion = 10.0.40219.1
Project("{8BC9CEB8-8B4A-11D0-8D11-00A0C91BC942}") = "transmit-message-through-light", "transmit-message-through-light.vcxproj", "{061A9ED7-FDAB-4E12-BB72-D00E81862918}"
EndProject
Global
	GlobalSection(SolutionConfigurationPlatforms) = preSolution
		Debug|x64 = Debug|x64
		Debug|x86 = Debug|x86
		Release|x64 = Release|x64
		Release|x86 = Release|x86
	EndGlobalSection
	GlobalSection(ProjectConfigurationPlatforms) = postSolution
		{061A9ED7-FDAB-4E12-BB72-D00E81862918}.Debug|x64.ActiveCfg = Debug|x64
		{061A9ED7-FDAB-4E12-BB72-D00E81862918}.Debug|x64.Build.0 = Debug|x64
		{061A9ED7-FDAB-4E12-BB72-D00E81862918}.Debug|x86.ActiveCfg = Debug|Win32
		{061A9ED7-FDAB-4E12-BB72-D00E81862918}.Debug|x86.Build.0 = Debug|Win32
		{061A9ED7-FDAB-4E12-BB72-D00E81862918}.Release|x64.ActiveCfg = Release|x64
		{061A9ED7-FDAB-4E12-BB72-D00E81862918}.Release|x64.Build.0 = Release|x64
		{061A9ED7-FDAB-4E12-BB72-D00E81862918}.Release|x86.ActiveCfg = Release|Win32
		{061A9ED7-FDAB-4E12-BB72-D00E81862918}.Release|x86.Build.0 = Release|Win32
	EndGlobalSection
	GlobalSection(SolutionProperties) = preSolution
		HideSolutionNode = FALSE
	EndGlobalSection
	GlobalSection(ExtensibilityGlobals) = postSolution
		SolutionGuid = {491864A3-3B38-4846-9CC3-FDEDBB5CCFFD}
	EndGlobalSection
EndGlobal
